
Microsoft Visual Studio Solution File, Format Version 12.00
# Visual Studio Version 16
VisualStudioVersion = 16.0.31911.196
MinimumVisualStudioVersion = 10.0.40219.1
Project("{FAE04EC0-301F-11D3-BF4B-00C04F79EFBC}") = "Core", "Core\Core.csproj", "{69C2A491-AEBA-40D7-A842-5BE32BEE34B9}"
EndProject
Global
	GlobalSection(SolutionConfigurationPlatforms) = preSolution
		Debug|Any CPU = Debug|Any CPU
		Release|Any CPU = Release|Any CPU
	EndGlobalSection
	GlobalSection(ProjectConfigurationPlatforms) = postSolution
		{69C2A491-AEBA-40D7-A842-5BE32BEE34B9}.Debug|Any CPU.ActiveCfg = Debug|Any CPU
		{69C2A491-AEBA-40D7-A842-5BE32BEE34B9}.Debug|Any CPU.Build.0 = Debug|Any CPU
		{69C2A491-AEBA-40D7-A842-5BE32BEE34B9}.Release|Any CPU.ActiveCfg = Release|Any CPU
		{69C2A491-AEBA-40D7-A842-5BE32BEE34B9}.Release|Any CPU.Build.0 = Release|Any CPU
	EndGlobalSection
	GlobalSection(SolutionProperties) = preSolution
		HideSolutionNode = FALSE
	EndGlobalSection
	GlobalSection(ExtensibilityGlobals) = postSolution
		SolutionGuid = {54940567-14FC-49E1-91C7-7A8A778BF13F}
	EndGlobalSection
EndGlobal
